{
  "originHash" : "e8530ce3ffbf2bd179e0f8e3c4909f1704b974a0b4fbe1699c692586ac7f0369",
  "pins" : [
    {
      "identity" : "agorainfra_ios",
      "kind" : "remoteSourceControl",
      "location" : "https://github.com/AgoraIO/AgoraInfra_iOS.git",
      "state" : {
        "revision" : "0071cecee99160f056c943ee6bfca06685ffa3d7",
        "version" : "1.3.0"
      }
    },
    {
      "identity" : "agorartcengine_ios",
      "kind" : "remoteSourceControl",
      "location" : "https://github.com/AgoraIO/AgoraRtcEngine_iOS.git",
      "state" : {
        "revision" : "c1224ad3e316db15a4ac48a6ff08208f7bcf5238",
        "version" : "4.6.0"
      }
    },
    {
      "identity" : "agorartm_apple",
      "kind" : "remoteSourceControl",
      "location" : "https://github.com/AgoraIO/AgoraRtm_Apple.git",
      "state" : {
        "branch" : "lite_iOS",
        "revision" : "50d6d59cd5a1b11bf7b000d17569c080c492d992"
      }
    }
  ],
  "version" : 3
}
